Microsoft Visual Studio Solution File, Format Version 12.00
# Visual Studio 15
VisualStudioVersion = 15.0.27004.2005
MinimumVisualStudioVersion = 15.0.26124.0
Project("{9A19103F-16F7-4668-BE54-9A1E7A4F7556}") = "ArgenSearch", "lib\ArgenSearch.csproj", "{1D3269BC-CABF-427A-9A52-3B0F86982974}"
EndProject
Project("{9A19103F-16F7-4668-BE54-9A1E7A4F7556}") = "Tests", "test\Tests.csproj", "{99E7EA9F-4DD5-49F6-B5EB-1086F16637AD}"
EndProject
Project("{FAE04EC0-301F-11D3-BF4B-00C04F79EFBC}") = "lib462", "lib462\lib462.csproj", "{4B3168A3-6345-4F2A-9890-D8687897A754}"
EndProject
Global
	GlobalSection(SolutionConfigurationPlatforms) = preSolution
		Debug|Any CPU = Debug|Any CPU
		Debug|x64 = Debug|x64
		Debug|x86 = Debug|x86
		Release|Any CPU = Release|Any CPU
		Release|x64 = Release|x64
		Release|x86 = Release|x86
	EndGlobalSection
	GlobalSection(ProjectConfigurationPlatforms) = postSolution
		{1D3269BC-CABF-427A-9A52-3B0F86982974}.Debug|Any CPU.ActiveCfg = Debug|Any CPU
		{1D3269BC-CABF-427A-9A52-3B0F86982974}.Debug|Any CPU.Build.0 = Debug|Any CPU
		{1D3269BC-CABF-427A-9A52-3B0F86982974}.Debug|x64.ActiveCfg = Debug|Any CPU
		{1D3269BC-CABF-427A-9A52-3B0F86982974}.Debug|x64.Build.0 = Debug|Any CPU
		{1D3269BC-CABF-427A-9A52-3B0F86982974}.Debug|x86.ActiveCfg = Debug|Any CPU
		{1D3269BC-CABF-427A-9A52-3B0F86982974}.Debug|x86.Build.0 = Debug|Any CPU
		{1D3269BC-CABF-427A-9A52-3B0F86982974}.Release|Any CPU.ActiveCfg = Release|Any CPU
		{1D3269BC-CABF-427A-9A52-3B0F86982974}.Release|Any CPU.Build.0 = Release|Any CPU
		{1D3269BC-CABF-427A-9A52-3B0F86982974}.Release|x64.ActiveCfg = Release|Any CPU
		{1D3269BC-CABF-427A-9A52-3B0F86982974}.Release|x64.Build.0 = Release|Any CPU
		{1D3269BC-CABF-427A-9A52-3B0F86982974}.Release|x86.ActiveCfg = Release|Any CPU
		{1D3269BC-CABF-427A-9A52-3B0F86982974}.Release|x86.Build.0 = Release|Any CPU
		{99E7EA9F-4DD5-49F6-B5EB-1086F16637AD}.Debug|Any CPU.ActiveCfg = Debug|Any CPU
		{99E7EA9F-4DD5-49F6-B5EB-1086F16637AD}.Debug|Any CPU.Build.0 = Debug|Any CPU
		{99E7EA9F-4DD5-49F6-B5EB-1086F16637AD}.Debug|x64.ActiveCfg = Debug|Any CPU
		{99E7EA9F-4DD5-49F6-B5EB-1086F16637AD}.Debug|x64.Build.0 = Debug|Any CPU
		{99E7EA9F-4DD5-49F6-B5EB-1086F16637AD}.Debug|x86.ActiveCfg = Debug|Any CPU
		{99E7EA9F-4DD5-49F6-B5EB-1086F16637AD}.Debug|x86.Build.0 = Debug|Any CPU
		{99E7EA9F-4DD5-49F6-B5EB-1086F16637AD}.Release|Any CPU.ActiveCfg = Release|Any CPU
		{99E7EA9F-4DD5-49F6-B5EB-1086F16637AD}.Release|Any CPU.Build.0 = Release|Any CPU
		{99E7EA9F-4DD5-49F6-B5EB-1086F16637AD}.Release|x64.ActiveCfg = Release|Any CPU
		{99E7EA9F-4DD5-49F6-B5EB-1086F16637AD}.Release|x64.Build.0 = Release|Any CPU
		{99E7EA9F-4DD5-49F6-B5EB-1086F16637AD}.Release|x86.ActiveCfg = Release|Any CPU
		{99E7EA9F-4DD5-49F6-B5EB-1086F16637AD}.Release|x86.Build.0 = Release|Any CPU
		{4B3168A3-6345-4F2A-9890-D8687897A754}.Debug|Any CPU.ActiveCfg = Debug|Any CPU
		{4B3168A3-6345-4F2A-9890-D8687897A754}.Debug|Any CPU.Build.0 = Debug|Any CPU
		{4B3168A3-6345-4F2A-9890-D8687897A754}.Debug|x64.ActiveCfg = Debug|Any CPU
		{4B3168A3-6345-4F2A-9890-D8687897A754}.Debug|x64.Build.0 = Debug|Any CPU
		{4B3168A3-6345-4F2A-9890-D8687897A754}.Debug|x86.ActiveCfg = Debug|Any CPU
		{4B3168A3-6345-4F2A-9890-D8687897A754}.Debug|x86.Build.0 = Debug|Any CPU
		{4B3168A3-6345-4F2A-9890-D8687897A754}.Release|Any CPU.ActiveCfg = Release|Any CPU
		{4B3168A3-6345-4F2A-9890-D8687897A754}.Release|Any CPU.Build.0 = Release|Any CPU
		{4B3168A3-6345-4F2A-9890-D8687897A754}.Release|x64.ActiveCfg = Release|Any CPU
		{4B3168A3-6345-4F2A-9890-D8687897A754}.Release|x64.Build.0 = Release|Any CPU
		{4B3168A3-6345-4F2A-9890-D8687897A754}.Release|x86.ActiveCfg = Release|Any CPU
		{4B3168A3-6345-4F2A-9890-D8687897A754}.Release|x86.Build.0 = Release|Any CPU
	EndGlobalSection
	GlobalSection(SolutionProperties) = preSolution
		HideSolutionNode = FALSE
	EndGlobalSection
	GlobalSection(ExtensibilityGlobals) = postSolution
		SolutionGuid = {FF1FB04E-0FD5-4A12-9480-4F8B757C6666}
	EndGlobalSection
EndGlobal
